lockfileVersion: '9.0'

settings:
  autoInstallPeers: true
  excludeLinksFromLockfile: false

importers:

  .:
    devDependencies:
      '@types/node':
        specifier: ^26.4.1
        version: 26.4.1
      typescript:
        specifier: ^5.7.0
        version: 5.9.3

  apps/cli:
    dependencies:
      '@cg/ai':
        specifier: workspace:*
        version: link:../../packages/ai
      '@cg/comment-engine':
        specifier: workspace:*
        version: link:../../packages/comment-engine
      '@cg/domain':
        specifier: workspace:*
        version: link:../../packages/domain
      '@cg/x-client':
        specifier: workspace:*
        version: link:../../packages/x-client

  packages/ai:
    dependencies:
      '@anthropic-ai/bedrock-sdk':
        specifier: ^0.33.4
        version: 0.33.4
      '@anthropic-ai/sdk':
        specifier: '>=0.115.1 <1'
        version: 0.124.0

  packages/comment-engine:
    dependencies:
      '@cg/ai':
        specifier: workspace:*
        version: link:../ai
      '@cg/domain':
        specifier: workspace:*
        version: link:../domain

  packages/domain: {}

  packages/x-client:
    dependencies:
      '@cg/domain':
        specifier: workspace:*
        version: link:../domain

packages:

  '@anthropic-ai/bedrock-sdk@0.33.4':
    resolution: {integrity: sha512-LvpzMH8Vbptg2CAGIJDiMbv6yLfBIGldDybDP/2jCf9F93F3Hw0Tf2aK4Dabq8C7gkxJ3FdxARjmq/AXHqe1bQ==}

  '@anthropic-ai/sdk@0.124.0':
    resolution: {integrity: sha512-cN5O8i9UVxHeOQAzj/XjshWXG8KiibJDw9OGpH2Z/eR3n/RBxdoLxDJOcfqAJWvjaMDFfHTBADU04hWRJVkDyA==}
    hasBin: true
    peerDependencies:
      zod: ^3.25.0 || ^4.0.0
    peerDependenciesMeta:
      zod:
        optional: true

  '@aws-crypto/crc32@3.0.0':
    resolution: {integrity: sha512-IzSgsrxUcsrejQbPVilIKy16kAT52EwB6zSaI+M3xxIhKh5+aldEyvI+z6erM7TCLB2BJsFrtHjp6/4/sr+3dA==}

  '@aws-crypto/sha256-js@4.0.0':
    resolution: {integrity: sha512-MHGJyjE7TX9aaqXj7zk2ppnFUOhaDs5sP+HtNS0evOxn72c+5njUmyJmpGd7TfyoDznZlHMmdo/xGUdu2NIjNQ==}

  '@aws-crypto/util@3.0.0':
    resolution: {integrity: sha512-2OJlpeJpCR48CC8r+uKVChzs9Iungj9wkZrl8Z041DWEWvyIHILYKCPNzJghKsivj+S3mLo6BVc7mBNzdxA46w==}

  '@aws-crypto/util@4.0.0':
    resolution: {integrity: sha512-2EnmPy2gsFZ6m8bwUQN4jq+IyXV3quHAcwPOS6ZA3k+geujiqI8aRokO2kFJe+idJ/P3v4qWI186rVMo0+zLDQ==}

  '@aws-sdk/client-bedrock-runtime@3.1128.0':
    resolution: {integrity: sha512-NAO5vPNhrrog4GuHaHaBruIetrnZZmYG3e4In2u05tgAZeVcHlgfZsaPhrNCOPuTATwGCiHPPPL3GkC6zHJuCA==}
    engines: {node: '>=20.0.0'}

  '@aws-sdk/core@3.977.9':
    resolution: {integrity: sha512-reqPFEQrZxDZpeGj4PFMepBeR5LGYHRqq/L0motTzgFkCRBA4rFdaVXDSLYyGHhxVz7sT2PDnPN9CluGSfgyJA==}
    engines: {node: '>=20.0.0'}

  '@aws-sdk/credential-provider-cognito-identity@3.972.69':
    resolution: {integrity: sha512-vpsh9VWmQVC/nsdzf72F2yUMBOFT1aq+hoLseYV03zjVXVHkjqSNJskFRKPFxc3MRFrHNbSSmOwsbYE15u9ecw==}
    engines: {node: '>=20.0.0'}

  '@aws-sdk/credential-provider-env@3.972.70':
    resolution: {integrity: sha512-H404B7dJl2mCrBqahDEYsanB0xhdDp6tXnXcTUnXmmpy2Q3J0Ho0bUajZ2jr/RdwzCyS59Gi8xXIFwPLGBl6Uw==}
    engines: {node: '>=20.0.0'}

  '@aws-sdk/credential-provider-http@3.972.72':
    resolution: {integrity: sha512-X98zYOrVOeuosCX+6ktf29FC2N2GHPLia7qv6mzPzTc+RPAuHWCDS++Z6JK7eGYqb/v6uaW7bAXaOvDBfol+0w==}
    engines: {node: '>=20.0.0'}

  '@aws-sdk/credential-provider-ini@3.973.15':
    resolution: {integrity: sha512-Rykg6s5ceBuynMOGWgoowO4N+27JfnqXAnVaSunZl0hOO1XodSrxGNz6sCEbnmS0lAfQZDKyb3fbr46gSuv6Sg==}
    engines: {node: '>=20.0.0'}

  '@aws-sdk/credential-provider-login@3.972.77':
    resolution: {integrity: sha512-Jb59xfEISoN5mmbnA+HYqdtrSX3CgCtJoof+V5D8/TgUI56W63GEEd5Y58WijU3Ou6+WEgaLD1feVzaRXV5IDQ==}
    engines: {node: '>=20.0.0'}

  '@aws-sdk/credential-provider-node@3.972.82':
    resolution: {integrity: sha512-znDkEOGXB8W3kG1LJUKP3foBZY/9qLM0eil/DxWXSp37XsdsRLQHE/d/OaCGGVgKpA6znR38h/+INk8do1FjiA==}
    engines: {node: '>=20.0.0'}

  '@aws-sdk/credential-provider-process@3.972.70':
    resolution: {integrity: sha512-2ry03fGRJr4sV3jI+ocjj5JqALnFD6ymM5KiNCDZMvq8bX2GSbE0vji4aM43TVCl2nXqqLRZaUxdq/KeWRAY4Q==}
    engines: {node: '>=20.0.0'}

  '@aws-sdk/credential-provider-sso@3.973.14':
    resolution: {integrity: sha512-jkhg/8ocAAoc0RFyLMhCw+/zZh7gystQgd4F4hznNa8P4Cc501PQmxd+jGLiMHodPJ+7Zv/3znM62gZojyasmA==}
    engines: {node: '>=20.0.0'}

  '@aws-sdk/credential-provider-web-identity@3.972.76':
    resolution: {integrity: sha512-d3AGyVu759PGr35mEB2s22xxlNEA5rpdxtSPJthfPFJvoQ8dt357iVPECqWfUxXp1toJAvKmbtcIYVGigaGsCA==}
    engines: {node: '>=20.0.0'}

  '@aws-sdk/credential-providers@3.1128.0':
    resolution: {integrity: sha512-yKAD0B1YcucqTPSJKWU1QH/MSk8NZAheqCoqmVetC1rlX9IYG10Vzb6pStkRNEDjpoOeQ97W3W/DAT1o12TtuQ==}
    engines: {node: '>=20.0.0'}

  '@aws-sdk/eventstream-handler-node@3.972.34':
    resolution: {integrity: sha512-cTeVzpu1xEAkryTZBYhGwnQ6gOGyp8ZYZvmn0Sg/nI/ABmy/CRHHxPDJDUi9PxwxUtGGaatvfRUB3FCgT/rSWw==}
    engines: {node: '>=20.0.0'}

  '@aws-sdk/middleware-eventstream@3.972.29':
    resolution: {integrity: sha512-dlRzHCgyB8W6hLuDC5pcT5q+ziPt00n4QGgGBE17ucLVU4zMa6lsbuUdQ2Pm75Z5VA8GF+R/+SgrRcaTdIzSIQ==}
    engines: {node: '>=20.0.0'}

  '@aws-sdk/middleware-websocket@3.972.52':
    resolution: {integrity: sha512-vsPPM+nMbKJlUCFU+eoGZbdxdxDIAX9LbpjSXaR5Ufpmqgp8TdYQnoExhLu4T3umW/JIIPny1ydbhWidZZYokQ==}
    engines: {node: '>= 14.0.0'}

  '@aws-sdk/nested-clients@3.997.44':
    resolution: {integrity: sha512-NhEgryjlBF9w38ZXqGymQV28IhkYa1mKhlbYnqIis57AYwWGVYfUPgg/qC2rLRqOUfblxx++irvju10kVTa8Vw==}
    engines: {node: '>=20.0.0'}

  '@aws-sdk/signature-v4-multi-region@3.996.46':
    resolution: {integrity: sha512-L+2xZTye/2T96f3lwCws0Zw6GG2JHZW9e8FpVgGBeeExSKyeoZ6CWRpBml/7DNiK/O26jrgPM9F+Ay8VkgzUWQ==}
    engines: {node: '>=20.0.0'}

  '@aws-sdk/token-providers@3.1116.0':
    resolution: {integrity: sha512-ygIivKqh8aHzNkucOCXHyIBgBpLPfrSI0mCqXF+vLBsPTUKqj0VSqAY0GFPe7lQl4HntjOcQ+KSyS7oUV2C54Q==}
    engines: {node: '>=20.0.0'}

  '@aws-sdk/token-providers@3.1128.0':
    resolution: {integrity: sha512-PNEgPb8E9HBjb8nC/sVuX6+Jx4J3/yBnq1HZD6GJcO4xHfpq+zthAzdnge1SOLKkDwR4gjmduQknCHGMrOnKDA==}
    engines: {node: '>=20.0.0'}

  '@aws-sdk/types@3.974.5':
    resolution: {integrity: sha512-LkwLL2BLbC6wNNm4JaH9mbEqBMdOZCct6VAYqhdN4U1xrWM+fUJQEfbHwQgDypapOWTRtlk25akb5afM0P8CIQ==}
    engines: {node: '>=20.0.0'}

  '@aws-sdk/util-utf8-browser@3.259.0':
    resolution: {integrity: sha512-UvFa/vR+e19XookZF8RzFZBrw2EUkQWxiBW0yYQAhvk3C+QVGl0H3ouca8LDBlBfQKXwmW3huo/59H8rwb1wJw==}

  '@aws-sdk/xml-builder@3.972.40':
    resolution: {integrity: sha512-wlFmCIGUlwF4zx/kncw+bmxTQh1HeSJq4mYV/V5cZUSJadDP3kXvGW8Rn21cimj/7y9ju+47oYWXi97vF7czaA==}
    engines: {node: '>=20.0.0'}

  '@aws/lambda-invoke-store@0.3.0':
    resolution: {integrity: sha512-sl4Bm6yiMNYrZKkqqDFWN0UfnWhlS8ivKxrYl+6t0gCLrqr8y3B2IqZZbFRkfaVVp7C/baApyh71P+LeE1A2sQ==}
    engines: {node: '>=18.0.0'}

  '@babel/runtime@7.29.7':
    resolution: {integrity: sha512-Nq8OhGWiZIZGV6hLHoyAKLLcJihP/xFeBMGJoUrxTX2psI8dCifzLhZISFb+VWS3wFMRDmCGw5R+dOySCqPLhw==}
    engines: {node: '>=6.9.0'}

  '@smithy/abort-controller@2.2.0':
    resolution: {integrity: sha512-wRlta7GuLWpTqtFfGo+nZyOO1vEvewdNR1R4rTxpC8XU6vG/NDyrFBhwLZsqg1NUoR1noVaXJPC/7ZK47QCySw==}
    engines: {node: '>=14.0.0'}

  '@smithy/core@3.33.3':
    resolution: {integrity: sha512-CsOeKq/9kA3y6VJHt+/+VTCtBaxJ4OTFpgrjIUhPpDIKxBci1k2bJaQASF2h/ELWrulGp+t97DZ0mevfAD8idg==}
    engines: {node: '>=18.0.0'}

  '@smithy/credential-provider-imds@4.5.2':
    resolution: {integrity: sha512-A9uSdn72ozbRUSit0eib0TW7nXuNPlaeM0zcGkJ+nE6tFcSDbnmtwoxbTCFBukVQcszDAyvsd7+rTduPTXpygg==}
    engines: {node: '>=18.0.0'}

  '@smithy/eventstream-codec@2.2.0':
    resolution: {integrity: sha512-8janZoJw85nJmQZc4L8TuePp2pk1nxLgkxIR0TUjKJ5Dkj5oelB9WtiSSGXCQvNsJl0VSTvK/2ueMXxvpa9GVw==}

  '@smithy/eventstream-serde-node@2.2.0':
    resolution: {integrity: sha512-zpQMtJVqCUMn+pCSFcl9K/RPNtQE0NuMh8sKpCdEHafhwRsjP50Oq/4kMmvxSRy6d8Jslqd8BLvDngrUtmN9iA==}
    engines: {node: '>=14.0.0'}

  '@smithy/eventstream-serde-universal@2.2.0':
    resolution: {integrity: sha512-pvoe/vvJY0mOpuF84BEtyZoYfbehiFj8KKWk1ds2AT0mTLYFVs+7sBJZmioOFdBXKd48lfrx1vumdPdmGlCLxA==}
    engines: {node: '>=14.0.0'}

  '@smithy/fetch-http-handler@2.5.0':
    resolution: {integrity: sha512-BOWEBeppWhLn/no/JxUL/ghTfANTjT7kg3Ww2rPqTUY9R4yHPXxJ9JhMe3Z03LN3aPwiwlpDIUcVw1xDyHqEhw==}

  '@smithy/fetch-http-handler@5.8.0':
    resolution: {integrity: sha512-ycSJu3tFAQ4v04CBB0agqFMVsSQ1iG3yw+SpgxRqKfaURpQD4CZ8Wn0zPMmSnOuTpTh65Vz+EA0rMrw089wvkA==}
    engines: {node: '>=18.0.0'}

  '@smithy/is-array-buffer@2.2.0':
    resolution: {integrity: sha512-GGP3O9QFD24uGeAXYUjwSTXARoqpZykHadOmA8G5vfJPK0/DC67qa//0qvqrJzL1xc8WQWX7/yc7fwudjPHPhA==}
    engines: {node: '>=14.0.0'}

  '@smithy/is-array-buffer@3.0.0':
    resolution: {integrity: sha512-+Fsu6Q6C4RSJiy81Y8eApjEB5gVtM+oFKTffg+jSuwtvomJJrhUJBu2zS8wjXSgH/g1MKEWrzyChTBe6clb5FQ==}
    engines: {node: '>=16.0.0'}

  '@smithy/middleware-endpoint@2.5.1':
    resolution: {integrity: sha512-1/8kFp6Fl4OsSIVTWHnNjLnTL8IqpIb/D3sTSczrKFnrE9VMNWxnrRKNvpUHOJ6zpGD5f62TPm7+17ilTJpiCQ==}
    engines: {node: '>=14.0.0'}

  '@smithy/middleware-serde@2.3.0':
    resolution: {integrity: sha512-sIADe7ojwqTyvEQBe1nc/GXB9wdHhi9UwyX0lTyttmUWDJLP655ZYE1WngnNyXREme8I27KCaUhyhZWRXL0q7Q==}
    engines: {node: '>=14.0.0'}

  '@smithy/middleware-stack@2.2.0':
    resolution: {integrity: sha512-Qntc3jrtwwrsAC+X8wms8zhrTr0sFXnyEGhZd9sLtsJ/6gGQKFzNB+wWbOcpJd7BR8ThNCoKt76BuQahfMvpeA==}
    engines: {node: '>=14.0.0'}

  '@smithy/node-config-provider@2.3.0':
    resolution: {integrity: sha512-0elK5/03a1JPWMDPaS726Iw6LpQg80gFut1tNpPfxFuChEEklo2yL823V94SpTZTxmKlXFtFgsP55uh3dErnIg==}
    engines: {node: '>=14.0.0'}

  '@smithy/node-http-handler@2.5.0':
    resolution: {integrity: sha512-mVGyPBzkkGQsPoxQUbxlEfRjrj6FPyA3u3u2VXGr9hT8wilsoQdZdvKpMBFMB8Crfhv5dNkKHIW0Yyuc7eABqA==}
    engines: {node: '>=14.0.0'}

  '@smithy/node-http-handler@4.12.1':
    resolution: {integrity: sha512-ThMkboGeONWXAelq9FvGsuJC4rOi+qyC4/zhUF58xYpxUg5sQKx2VXZYJmtNjr4dSuBJ1HeJXETQILCz3wOHvw==}
    engines: {node: '>=18.0.0'}

  '@smithy/property-provider@2.2.0':
    resolution: {integrity: sha512-+xiil2lFhtTRzXkx8F053AV46QnIw6e7MV8od5Mi68E1ICOjCeCHw2XfLnDEUHnT9WGUIkwcqavXjfwuJbGlpg==}
    engines: {node: '>=14.0.0'}

  '@smithy/protocol-http@3.3.0':
    resolution: {integrity: sha512-Xy5XK1AFWW2nlY/biWZXu6/krgbaf2dg0q492D8M5qthsnU2H+UgFeZLbM76FnH7s6RO/xhQRkj+T6KBO3JzgQ==}
    engines: {node: '>=14.0.0'}

  '@smithy/querystring-builder@2.2.0':
    resolution: {integrity: sha512-L1kSeviUWL+emq3CUVSgdogoM/D9QMFaqxL/dd0X7PCNWmPXqt+ExtrBjqT0V7HLN03Vs9SuiLrG3zy3JGnE5A==}
    engines: {node: '>=14.0.0'}

  '@smithy/querystring-parser@2.2.0':
    resolution: {integrity: sha512-BvHCDrKfbG5Yhbpj4vsbuPV2GgcpHiAkLeIlcA1LtfpMz3jrqizP1+OguSNSj1MwBHEiN+jwNisXLGdajGDQJA==}
    engines: {node: '>=14.0.0'}

  '@smithy/shared-ini-file-loader@2.4.0':
    resolution: {integrity: sha512-WyujUJL8e1B6Z4PBfAqC/aGY1+C7T0w20Gih3yrvJSk97gpiVfB+y7c46T4Nunk+ZngLq0rOIdeVeIklk0R3OA==}
    engines: {node: '>=14.0.0'}

  '@smithy/signature-v4@3.1.2':
    resolution: {integrity: sha512-3BcPylEsYtD0esM4Hoyml/+s7WP2LFhcM3J2AGdcL2vx9O60TtfpDOL72gjb4lU8NeRPeKAwR77YNyyGvMbuEA==}
    engines: {node: '>=16.0.0'}

  '@smithy/signature-v4@5.7.3':
    resolution: {integrity: sha512-7ImGm+FkHRLcBaRttIAMZ6bzJZWb2cJGoYjq46F2UjycujWzrL9GEN9h4w7eQyXJYnltrUhxbbieBAIRrdqpow==}
    engines: {node: '>=18.0.0'}

  '@smithy/smithy-client@2.5.1':
    resolution: {integrity: sha512-jrbSQrYCho0yDaaf92qWgd+7nAeap5LtHTI51KXqmpIFCceKU3K9+vIVTUH72bOJngBMqa4kyu1VJhRcSrk/CQ==}
    engines: {node: '>=14.0.0'}

  '@smithy/types@2.12.0':
    resolution: {integrity: sha512-QwYgloJ0sVNBeBuBs65cIkTbfzV/Q6ZNPCJ99EICFEdJYG50nGIY/uYXp+TbsdJReIuPr0a0kXmCvren3MbRRw==}
    engines: {node: '>=14.0.0'}

  '@smithy/types@3.7.2':
    resolution: {integrity: sha512-bNwBYYmN8Eh9RyjS1p2gW6MIhSO2rl7X9QeLM8iTdcGRP+eDiIWDt66c9IysCc22gefKszZv+ubV9qZc7hdESg==}
    engines: {node: '>=16.0.0'}

  '@smithy/types@4.18.0':
    resolution: {integrity: sha512-CgB6HHWer/vrKps24ulRIbpcpb7K4xAU7SkZ7YHzBPlwHsvsrCJFEXK421s+cJzX+ZrqtA/TuU5w1HzI7k9N8A==}
    engines: {node: '>=18.0.0'}

  '@smithy/url-parser@2.2.0':
    resolution: {integrity: sha512-hoA4zm61q1mNTpksiSWp2nEl1dt3j726HdRhiNgVJQMj7mLp7dprtF57mOB6JvEk/x9d2bsuL5hlqZbBuHQylQ==}

  '@smithy/util-base64@2.3.0':
    resolution: {integrity: sha512-s3+eVwNeJuXUwuMbusncZNViuhv2LjVJ1nMwTqSA0XAC7gjKhqqxRdJPhR8+YrkoZ9IiIbFk/yK6ACe/xlF+hw==}
    engines: {node: '>=14.0.0'}

  '@smithy/util-buffer-from@2.2.0':
    resolution: {integrity: sha512-IJdWBbTcMQ6DA0gdNhh/BwrLkDR+ADW5Kr1aZmd4k3DIF6ezMV4R2NIAmT08wQJ3yUK82thHWmC/TnK/wpMMIA==}
    engines: {node: '>=14.0.0'}

  '@smithy/util-buffer-from@3.0.0':
    resolution: {integrity: sha512-aEOHCgq5RWFbP+UDPvPot26EJHjOC+bRgse5A8V3FSShqd5E5UN4qc7zkwsvJPPAVsf73QwYcHN1/gt/rtLwQA==}
    engines: {node: '>=16.0.0'}

  '@smithy/util-hex-encoding@2.2.0':
    resolution: {integrity: sha512-7iKXR+/4TpLK194pVjKiasIyqMtTYJsgKgM242Y9uzt5dhHnUDvMNb+3xIhRJ9QhvqGii/5cRUt4fJn3dtXNHQ==}
    engines: {node: '>=14.0.0'}

  '@smithy/util-hex-encoding@3.0.0':
    resolution: {integrity: sha512-eFndh1WEK5YMUYvy3lPlVmYY/fZcQE1D8oSf41Id2vCeIkKJXPcYDCZD+4+xViI6b1XSd7tE+s5AmXzz5ilabQ==}
    engines: {node: '>=16.0.0'}

  '@smithy/util-middleware@2.2.0':
    resolution: {integrity: sha512-L1qpleXf9QD6LwLCJ5jddGkgWyuSvWBkJwWAZ6kFkdifdso+sk3L3O1HdmPvCdnCK3IS4qWyPxev01QMnfHSBw==}
    engines: {node: '>=14.0.0'}

  '@smithy/util-middleware@3.0.11':
    resolution: {integrity: sha512-dWpyc1e1R6VoXrwLoLDd57U1z6CwNSdkM69Ie4+6uYh2GC7Vg51Qtan7ITzczuVpqezdDTKJGJB95fFvvjU/ow==}
    engines: {node: '>=16.0.0'}

  '@smithy/util-stream@2.2.0':
    resolution: {integrity: sha512-17faEXbYWIRst1aU9SvPZyMdWmqIrduZjVOqCPMIsWFNxs5yQQgFrJL6b2SdiCzyW9mJoDjFtgi53xx7EH+BXA==}
    engines: {node: '>=14.0.0'}

  '@smithy/util-uri-escape@2.2.0':
    resolution: {integrity: sha512-jtmJMyt1xMD/d8OtbVJ2gFZOSKc+ueYJZPW20ULW1GOp/q/YIM0wNh+u8ZFao9UaIGz4WoPW8hC64qlWLIfoDA==}
    engines: {node: '>=14.0.0'}

  '@smithy/util-uri-escape@3.0.0':
    resolution: {integrity: sha512-LqR7qYLgZTD7nWLBecUi4aqolw8Mhza9ArpNEQ881MJJIU2sE5iHCK6TdyqqzcDLy0OPe10IY4T8ctVdtynubg==}
    engines: {node: '>=16.0.0'}

  '@smithy/util-utf8@2.3.0':
    resolution: {integrity: sha512-R8Rdn8Hy72KKcebgLiv8jQcQkXoLMOGGv5uI1/k0l+snqkOzQ1R0ChUBCxWMlBsFMekWjq0wRudIweFs7sKT5A==}
    engines: {node: '>=14.0.0'}

  '@smithy/util-utf8@3.0.0':
    resolution: {integrity: sha512-rUeT12bxFnplYDe815GXbq/oixEGHfRFFtcTF3YdDi/JaENIM6aSYYLJydG83UNzLXeRI5K8abYd/8Sp/QM0kA==}
    engines: {node: '>=16.0.0'}

  '@stablelib/base64@1.0.1':
    resolution: {integrity: sha512-1bnPQqSxSuc3Ii6MhBysoWCg58j97aUjuCSZrGSmDxNqtytIi0k8utUenAwTZN4V5mXXYGsVUI9zeBqy+jBOSQ==}

  '@types/node@26.4.1':
    resolution: {integrity: sha512-k97ENvZWtvA6yqz5/FS6a7duDgOPEeOQOc2iKS/nY6mX6qJUKtLnWzQS+Xj6tXweyj6ZcTAK2Qecetnvi9nCLA==}

  bowser@2.14.1:
    resolution: {integrity: sha512-tzPjzCxygAKWFOJP011oxFHs57HzIhOEracIgAePE4pqB3LikALKnSzUyU4MGs9/iCEUuHlAJTjTc5M+u7YEGg==}

  fast-sha256@1.3.0:
    resolution: {integrity: sha512-n11RGP/lrWEFI/bWdygLxhI+pVeo1ZYIVwvvPkW7azl/rOy+F3HYRZ2K5zeE9mmkhQppyv9sQFx0JM9UabnpPQ==}

  json-schema-to-ts@3.1.1:
    resolution: {integrity: sha512-+DWg8jCJG2TEnpy7kOm/7/AxaYoaRbjVB4LFZLySZlWn8exGs3A4OLJR966cVvU26N7X9TWxl+Jsw7dzAqKT6g==}
    engines: {node: '>=16'}

  standardwebhooks@1.1.1:
    resolution: {integrity: sha512-bCbX9ZEyFkWPsRz7Bl3NuQUJohmwGSev/yhr7vhaGPlc4AfIrspIRa6cPTBuI1ItmrTDJ4d/S2hCsfe4+vQGnQ==}

  ts-algebra@2.0.0:
    resolution: {integrity: sha512-FPAhNPFMrkwz76P7cdjdmiShwMynZYN6SgOujD1urY4oNm80Ou9oMdmbR45LotcKOXoy7wSmHkRFE6Mxbrhefw==}

  tslib@1.14.1:
    resolution: {integrity: sha512-Xni35NKzjgMrwevysHTCArtLDpPvye8zV/0E4EyYn43P7/7qvQwPh9BGkHewbMulVntbigmcT7rdX3BNo9wRJg==}

  tslib@2.8.1:
    resolution: {integrity: sha512-oJFu94HQb+KVduSUQL7wnpmqnfmLsOA/nAh6b6EH0wCEoK0/mPeXU6c3wKDV83MkOuHPRHtSXKKU99IBazS/2w==}

  typescript@5.9.3:
    resolution: {integrity: sha512-jl1vZzPDinLr9eUt3J/t7V6FgNEw9QjvBPdysz9KfQDD41fQrC2Y4vKQdiaUpFT4bXlb1RHhLpp8wtm6M5TgSw==}
    engines: {node: '>=14.17'}
    hasBin: true

  undici-types@8.3.0:
    resolution: {integrity: sha512-j375ScV60dom+YkPFIfTLcOiPxkN/buHz5GobjLhixFuANaNs3C9l4GmrWqejgXWJ7BbJcFYpTEUkS1Ge8bpZQ==}

snapshots:

  '@anthropic-ai/bedrock-sdk@0.33.4':
    dependencies:
      '@anthropic-ai/sdk': 0.124.0
      '@aws-crypto/sha256-js': 4.0.0
      '@aws-sdk/client-bedrock-runtime': 3.1128.0
      '@aws-sdk/credential-providers': 3.1128.0
      '@smithy/eventstream-serde-node': 2.2.0
      '@smithy/fetch-http-handler': 5.8.0
      '@smithy/protocol-http': 3.3.0
      '@smithy/signature-v4': 3.1.2
      '@smithy/smithy-client': 2.5.1
      '@smithy/types': 2.12.0
      '@smithy/util-base64': 2.3.0
    transitivePeerDependencies:
      - zod

  '@anthropic-ai/sdk@0.124.0':
    dependencies:
      json-schema-to-ts: 3.1.1
      standardwebhooks: 1.1.1

  '@aws-crypto/crc32@3.0.0':
    dependencies:
      '@aws-crypto/util': 3.0.0
      '@aws-sdk/types': 3.974.5
      tslib: 1.14.1

  '@aws-crypto/sha256-js@4.0.0':
    dependencies:
      '@aws-crypto/util': 4.0.0
      '@aws-sdk/types': 3.974.5
      tslib: 1.14.1

  '@aws-crypto/util@3.0.0':
    dependencies:
      '@aws-sdk/types': 3.974.5
      '@aws-sdk/util-utf8-browser': 3.259.0
      tslib: 1.14.1

  '@aws-crypto/util@4.0.0':
    dependencies:
      '@aws-sdk/types': 3.974.5
      '@aws-sdk/util-utf8-browser': 3.259.0
      tslib: 1.14.1

  '@aws-sdk/client-bedrock-runtime@3.1128.0':
    dependencies:
      '@aws-sdk/core': 3.977.9
      '@aws-sdk/credential-provider-node': 3.972.82
      '@aws-sdk/eventstream-handler-node': 3.972.34
      '@aws-sdk/middleware-eventstream': 3.972.29
      '@aws-sdk/middleware-websocket': 3.972.52
      '@aws-sdk/token-providers': 3.1128.0
      '@aws-sdk/types': 3.974.5
      '@smithy/core': 3.33.3
      '@smithy/fetch-http-handler': 5.8.0
      '@smithy/node-http-handler': 4.12.1
      '@smithy/types': 4.18.0
      tslib: 2.8.1

  '@aws-sdk/core@3.977.9':
    dependencies:
      '@aws-sdk/types': 3.974.5
      '@aws-sdk/xml-builder': 3.972.40
      '@aws/lambda-invoke-store': 0.3.0
      '@smithy/core': 3.33.3
      '@smithy/signature-v4': 5.7.3
      '@smithy/types': 4.18.0
      bowser: 2.14.1
      tslib: 2.8.1

  '@aws-sdk/credential-provider-cognito-identity@3.972.69':
    dependencies:
      '@aws-sdk/nested-clients': 3.997.44
      '@aws-sdk/types': 3.974.5
      '@smithy/core': 3.33.3
      '@smithy/types': 4.18.0
      tslib: 2.8.1

  '@aws-sdk/credential-provider-env@3.972.70':
    dependencies:
      '@aws-sdk/core': 3.977.9
      '@aws-sdk/types': 3.974.5
      '@smithy/core': 3.33.3
      '@smithy/types': 4.18.0
      tslib: 2.8.1

  '@aws-sdk/credential-provider-http@3.972.72':
    dependencies:
      '@aws-sdk/core': 3.977.9
      '@aws-sdk/types': 3.974.5
      '@smithy/core': 3.33.3
      '@smithy/fetch-http-handler': 5.8.0
      '@smithy/node-http-handler': 4.12.1
      '@smithy/types': 4.18.0
      tslib: 2.8.1

  '@aws-sdk/credential-provider-ini@3.973.15':
    dependencies:
      '@aws-sdk/core': 3.977.9
      '@aws-sdk/credential-provider-env': 3.972.70
      '@aws-sdk/credential-provider-http': 3.972.72
      '@aws-sdk/credential-provider-login': 3.972.77
      '@aws-sdk/credential-provider-process': 3.972.70
      '@aws-sdk/credential-provider-sso': 3.973.14
      '@aws-sdk/credential-provider-web-identity': 3.972.76
      '@aws-sdk/nested-clients': 3.997.44
      '@aws-sdk/types': 3.974.5
      '@smithy/core': 3.33.3
      '@smithy/credential-provider-imds': 4.5.2
      '@smithy/types': 4.18.0
      tslib: 2.8.1

  '@aws-sdk/credential-provider-login@3.972.77':
    dependencies:
      '@aws-sdk/core': 3.977.9
      '@aws-sdk/nested-clients': 3.997.44
      '@aws-sdk/types': 3.974.5
      '@smithy/core': 3.33.3
      '@smithy/types': 4.18.0
      tslib: 2.8.1

  '@aws-sdk/credential-provider-node@3.972.82':
    dependencies:
      '@aws-sdk/credential-provider-env': 3.972.70
      '@aws-sdk/credential-provider-http': 3.972.72
      '@aws-sdk/credential-provider-ini': 3.973.15
      '@aws-sdk/credential-provider-process': 3.972.70
      '@aws-sdk/credential-provider-sso': 3.973.14
      '@aws-sdk/credential-provider-web-identity': 3.972.76
      '@aws-sdk/types': 3.974.5
      '@smithy/core': 3.33.3
      '@smithy/credential-provider-imds': 4.5.2
      '@smithy/types': 4.18.0
      tslib: 2.8.1

  '@aws-sdk/credential-provider-process@3.972.70':
    dependencies:
      '@aws-sdk/core': 3.977.9
      '@aws-sdk/types': 3.974.5
      '@smithy/core': 3.33.3
      '@smithy/types': 4.18.0
      tslib: 2.8.1

  '@aws-sdk/credential-provider-sso@3.973.14':
    dependencies:
      '@aws-sdk/core': 3.977.9
      '@aws-sdk/nested-clients': 3.997.44
      '@aws-sdk/token-providers': 3.1116.0
      '@aws-sdk/types': 3.974.5
      '@smithy/core': 3.33.3
      '@smithy/types': 4.18.0
      tslib: 2.8.1

  '@aws-sdk/credential-provider-web-identity@3.972.76':
    dependencies:
      '@aws-sdk/core': 3.977.9
      '@aws-sdk/nested-clients': 3.997.44
      '@aws-sdk/types': 3.974.5
      '@smithy/core': 3.33.3
      '@smithy/types': 4.18.0
      tslib: 2.8.1

  '@aws-sdk/credential-providers@3.1128.0':
    dependencies:
      '@aws-sdk/core': 3.977.9
      '@aws-sdk/credential-provider-cognito-identity': 3.972.69
      '@aws-sdk/credential-provider-env': 3.972.70
      '@aws-sdk/credential-provider-http': 3.972.72
      '@aws-sdk/credential-provider-ini': 3.973.15
      '@aws-sdk/credential-provider-login': 3.972.77
      '@aws-sdk/credential-provider-node': 3.972.82
      '@aws-sdk/credential-provider-process': 3.972.70
      '@aws-sdk/credential-provider-sso': 3.973.14
      '@aws-sdk/credential-provider-web-identity': 3.972.76
      '@aws-sdk/nested-clients': 3.997.44
      '@aws-sdk/types': 3.974.5
      '@smithy/core': 3.33.3
      '@smithy/credential-provider-imds': 4.5.2
      '@smithy/types': 4.18.0
      tslib: 2.8.1

  '@aws-sdk/eventstream-handler-node@3.972.34':
    dependencies:
      '@aws-sdk/types': 3.974.5
      '@smithy/core': 3.33.3
      '@smithy/types': 4.18.0
      tslib: 2.8.1

  '@aws-sdk/middleware-eventstream@3.972.29':
    dependencies:
      '@aws-sdk/types': 3.974.5
      '@smithy/core': 3.33.3
      '@smithy/types': 4.18.0
      tslib: 2.8.1

  '@aws-sdk/middleware-websocket@3.972.52':
    dependencies:
      '@aws-sdk/core': 3.977.9
      '@aws-sdk/types': 3.974.5
      '@smithy/core': 3.33.3
      '@smithy/fetch-http-handler': 5.8.0
      '@smithy/signature-v4': 5.7.3
      '@smithy/types': 4.18.0
      tslib: 2.8.1

  '@aws-sdk/nested-clients@3.997.44':
    dependencies:
      '@aws-sdk/core': 3.977.9
      '@aws-sdk/signature-v4-multi-region': 3.996.46
      '@aws-sdk/types': 3.974.5
      '@smithy/core': 3.33.3
      '@smithy/fetch-http-handler': 5.8.0
      '@smithy/node-http-handler': 4.12.1
      '@smithy/types': 4.18.0
      tslib: 2.8.1

  '@aws-sdk/signature-v4-multi-region@3.996.46':
    dependencies:
      '@aws-sdk/types': 3.974.5
      '@smithy/signature-v4': 5.7.3
      '@smithy/types': 4.18.0
      tslib: 2.8.1

  '@aws-sdk/token-providers@3.1116.0':
    dependencies:
      '@aws-sdk/core': 3.977.9
      '@aws-sdk/nested-clients': 3.997.44
      '@aws-sdk/types': 3.974.5
      '@smithy/core': 3.33.3
      '@smithy/types': 4.18.0
      tslib: 2.8.1

  '@aws-sdk/token-providers@3.1128.0':
    dependencies:
      '@aws-sdk/core': 3.977.9
      '@aws-sdk/nested-clients': 3.997.44
      '@aws-sdk/types': 3.974.5
      '@smithy/core': 3.33.3
      '@smithy/types': 4.18.0
      tslib: 2.8.1

  '@aws-sdk/types@3.974.5':
    dependencies:
      '@smithy/types': 4.18.0
      tslib: 2.8.1

  '@aws-sdk/util-utf8-browser@3.259.0':
    dependencies:
      tslib: 2.8.1

  '@aws-sdk/xml-builder@3.972.40':
    dependencies:
      '@smithy/types': 4.18.0
      tslib: 2.8.1

  '@aws/lambda-invoke-store@0.3.0': {}

  '@babel/runtime@7.29.7': {}

  '@smithy/abort-controller@2.2.0':
    dependencies:
      '@smithy/types': 2.12.0
      tslib: 2.8.1

  '@smithy/core@3.33.3':
    dependencies:
      '@smithy/types': 4.18.0
      tslib: 2.8.1

  '@smithy/credential-provider-imds@4.5.2':
    dependencies:
      '@smithy/core': 3.33.3
      '@smithy/types': 4.18.0
      tslib: 2.8.1

  '@smithy/eventstream-codec@2.2.0':
    dependencies:
      '@aws-crypto/crc32': 3.0.0
      '@smithy/types': 2.12.0
      '@smithy/util-hex-encoding': 2.2.0
      tslib: 2.8.1

  '@smithy/eventstream-serde-node@2.2.0':
    dependencies:
      '@smithy/eventstream-serde-universal': 2.2.0
      '@smithy/types': 2.12.0
      tslib: 2.8.1

  '@smithy/eventstream-serde-universal@2.2.0':
    dependencies:
      '@smithy/eventstream-codec': 2.2.0
      '@smithy/types': 2.12.0
      tslib: 2.8.1

  '@smithy/fetch-http-handler@2.5.0':
    dependencies:
      '@smithy/protocol-http': 3.3.0
      '@smithy/querystring-builder': 2.2.0
      '@smithy/types': 2.12.0
      '@smithy/util-base64': 2.3.0
      tslib: 2.8.1

  '@smithy/fetch-http-handler@5.8.0':
    dependencies:
      '@smithy/core': 3.33.3
      '@smithy/types': 4.18.0
      tslib: 2.8.1

  '@smithy/is-array-buffer@2.2.0':
    dependencies:
      tslib: 2.8.1

  '@smithy/is-array-buffer@3.0.0':
    dependencies:
      tslib: 2.8.1

  '@smithy/middleware-endpoint@2.5.1':
    dependencies:
      '@smithy/middleware-serde': 2.3.0
      '@smithy/node-config-provider': 2.3.0
      '@smithy/shared-ini-file-loader': 2.4.0
      '@smithy/types': 2.12.0
      '@smithy/url-parser': 2.2.0
      '@smithy/util-middleware': 2.2.0
      tslib: 2.8.1

  '@smithy/middleware-serde@2.3.0':
    dependencies:
      '@smithy/types': 2.12.0
      tslib: 2.8.1

  '@smithy/middleware-stack@2.2.0':
    dependencies:
      '@smithy/types': 2.12.0
      tslib: 2.8.1

  '@smithy/node-config-provider@2.3.0':
    dependencies:
      '@smithy/property-provider': 2.2.0
      '@smithy/shared-ini-file-loader': 2.4.0
      '@smithy/types': 2.12.0
      tslib: 2.8.1

  '@smithy/node-http-handler@2.5.0':
    dependencies:
      '@smithy/abort-controller': 2.2.0
      '@smithy/protocol-http': 3.3.0
      '@smithy/querystring-builder': 2.2.0
      '@smithy/types': 2.12.0
      tslib: 2.8.1

  '@smithy/node-http-handler@4.12.1':
    dependencies:
      '@smithy/core': 3.33.3
      '@smithy/types': 4.18.0
      tslib: 2.8.1

  '@smithy/property-provider@2.2.0':
    dependencies:
      '@smithy/types': 2.12.0
      tslib: 2.8.1

  '@smithy/protocol-http@3.3.0':
    dependencies:
      '@smithy/types': 2.12.0
      tslib: 2.8.1

  '@smithy/querystring-builder@2.2.0':
    dependencies:
      '@smithy/types': 2.12.0
      '@smithy/util-uri-escape': 2.2.0
      tslib: 2.8.1

  '@smithy/querystring-parser@2.2.0':
    dependencies:
      '@smithy/types': 2.12.0
      tslib: 2.8.1

  '@smithy/shared-ini-file-loader@2.4.0':
    dependencies:
      '@smithy/types': 2.12.0
      tslib: 2.8.1

  '@smithy/signature-v4@3.1.2':
    dependencies:
      '@smithy/is-array-buffer': 3.0.0
      '@smithy/types': 3.7.2
      '@smithy/util-hex-encoding': 3.0.0
      '@smithy/util-middleware': 3.0.11
      '@smithy/util-uri-escape': 3.0.0
      '@smithy/util-utf8': 3.0.0
      tslib: 2.8.1

  '@smithy/signature-v4@5.7.3':
    dependencies:
      '@smithy/core': 3.33.3
      '@smithy/types': 4.18.0
      tslib: 2.8.1

  '@smithy/smithy-client@2.5.1':
    dependencies:
      '@smithy/middleware-endpoint': 2.5.1
      '@smithy/middleware-stack': 2.2.0
      '@smithy/protocol-http': 3.3.0
      '@smithy/types': 2.12.0
      '@smithy/util-stream': 2.2.0
      tslib: 2.8.1

  '@smithy/types@2.12.0':
    dependencies:
      tslib: 2.8.1

  '@smithy/types@3.7.2':
    dependencies:
      tslib: 2.8.1

  '@smithy/types@4.18.0':
    dependencies:
      tslib: 2.8.1

  '@smithy/url-parser@2.2.0':
    dependencies:
      '@smithy/querystring-parser': 2.2.0
      '@smithy/types': 2.12.0
      tslib: 2.8.1

  '@smithy/util-base64@2.3.0':
    dependencies:
      '@smithy/util-buffer-from': 2.2.0
      '@smithy/util-utf8': 2.3.0
      tslib: 2.8.1

  '@smithy/util-buffer-from@2.2.0':
    dependencies:
      '@smithy/is-array-buffer': 2.2.0
      tslib: 2.8.1

  '@smithy/util-buffer-from@3.0.0':
    dependencies:
      '@smithy/is-array-buffer': 3.0.0
      tslib: 2.8.1

  '@smithy/util-hex-encoding@2.2.0':
    dependencies:
      tslib: 2.8.1

  '@smithy/util-hex-encoding@3.0.0':
    dependencies:
      tslib: 2.8.1

  '@smithy/util-middleware@2.2.0':
    dependencies:
      '@smithy/types': 2.12.0
      tslib: 2.8.1

  '@smithy/util-middleware@3.0.11':
    dependencies:
      '@smithy/types': 3.7.2
      tslib: 2.8.1

  '@smithy/util-stream@2.2.0':
    dependencies:
      '@smithy/fetch-http-handler': 2.5.0
      '@smithy/node-http-handler': 2.5.0
      '@smithy/types': 2.12.0
      '@smithy/util-base64': 2.3.0
      '@smithy/util-buffer-from': 2.2.0
      '@smithy/util-hex-encoding': 2.2.0
      '@smithy/util-utf8': 2.3.0
      tslib: 2.8.1

  '@smithy/util-uri-escape@2.2.0':
    dependencies:
      tslib: 2.8.1

  '@smithy/util-uri-escape@3.0.0':
    dependencies:
      tslib: 2.8.1

  '@smithy/util-utf8@2.3.0':
    dependencies:
      '@smithy/util-buffer-from': 2.2.0
      tslib: 2.8.1

  '@smithy/util-utf8@3.0.0':
    dependencies:
      '@smithy/util-buffer-from': 3.0.0
      tslib: 2.8.1

  '@stablelib/base64@1.0.1': {}

  '@types/node@26.4.1':
    dependencies:
      undici-types: 8.3.0

  bowser@2.14.1: {}

  fast-sha256@1.3.0: {}

  json-schema-to-ts@3.1.1:
    dependencies:
      '@babel/runtime': 7.29.7
      ts-algebra: 2.0.0

  standardwebhooks@1.1.1:
    dependencies:
      '@stablelib/base64': 1.0.1
      fast-sha256: 1.3.0

  ts-algebra@2.0.0: {}

  tslib@1.14.1: {}

  tslib@2.8.1: {}

  typescript@5.9.3: {}

  undici-types@8.3.0: {}
